
Microsoft Visual Studio Solution File, Format Version 12.00
# Visual Studio Version 17
VisualStudioVersion = 17.12.35506.116 d17.12
MinimumVisualStudioVersion = 10.0.40219.1
Project("{8BC9CEB8-8B4A-11D0-8D11-00A0C91BC942}") = "PubSubService", "PubSubSystem\PubSubSystem.vcxproj", "{E7D7E6FE-A60F-451A-989C-8591291178E8}"
EndProject
Project("{8BC9CEB8-8B4A-11D0-8D11-00A0C91BC942}") = "Subscriber", "Subscriber\Subscriber.vcxproj", "{D02E6163-BD73-4067-861A-10152C0B3493}"
EndProject
Project("{8BC9CEB8-8B4A-11D0-8D11-00A0C91BC942}") = "Publisher", "Publisher\Publisher.vcxproj", "{5E1238FE-B107-4A9E-BE58-0B51E3C27B3A}"
EndProject
Global
	GlobalSection(SolutionConfigurationPlatforms) = preSolution
		Debug|x64 = Debug|x64
		Debug|x86 = Debug|x86
		Release|x64 = Release|x64
		Release|x86 = Release|x86
	EndGlobalSection
	GlobalSection(ProjectConfigurationPlatforms) = postSolution
		{E7D7E6FE-A60F-451A-989C-8591291178E8}.Debug|x64.ActiveCfg = Debug|x64
		{E7D7E6FE-A60F-451A-989C-8591291178E8}.Debug|x64.Build.0 = Debug|x64
		{E7D7E6FE-A60F-451A-989C-8591291178E8}.Debug|x86.ActiveCfg = Debug|Win32
		{E7D7E6FE-A60F-451A-989C-8591291178E8}.Debug|x86.Build.0 = Debug|Win32
		{E7D7E6FE-A60F-451A-989C-8591291178E8}.Release|x64.ActiveCfg = Release|x64
		{E7D7E6FE-A60F-451A-989C-8591291178E8}.Release|x64.Build.0 = Release|x64
		{E7D7E6FE-A60F-451A-989C-8591291178E8}.Release|x86.ActiveCfg = Release|Win32
		{E7D7E6FE-A60F-451A-989C-8591291178E8}.Release|x86.Build.0 = Release|Win32
		{D02E6163-BD73-4067-861A-10152C0B3493}.Debug|x64.ActiveCfg = Debug|x64
		{D02E6163-BD73-4067-861A-10152C0B3493}.Debug|x64.Build.0 = Debug|x64
		{D02E6163-BD73-4067-861A-10152C0B3493}.Debug|x86.ActiveCfg = Debug|Win32
		{D02E6163-BD73-4067-861A-10152C0B3493}.Debug|x86.Build.0 = Debug|Win32
		{D02E6163-BD73-4067-861A-10152C0B3493}.Release|x64.ActiveCfg = Release|x64
		{D02E6163-BD73-4067-861A-10152C0B3493}.Release|x64.Build.0 = Release|x64
		{D02E6163-BD73-4067-861A-10152C0B3493}.Release|x86.ActiveCfg = Release|Win32
		{D02E6163-BD73-4067-861A-10152C0B3493}.Release|x86.Build.0 = Release|Win32
		{5E1238FE-B107-4A9E-BE58-0B51E3C27B3A}.Debug|x64.ActiveCfg = Debug|x64
		{5E1238FE-B107-4A9E-BE58-0B51E3C27B3A}.Debug|x64.Build.0 = Debug|x64
		{5E1238FE-B107-4A9E-BE58-0B51E3C27B3A}.Debug|x86.ActiveCfg = Debug|Win32
		{5E1238FE-B107-4A9E-BE58-0B51E3C27B3A}.Debug|x86.Build.0 = Debug|Win32
		{5E1238FE-B107-4A9E-BE58-0B51E3C27B3A}.Release|x64.ActiveCfg = Release|x64
		{5E1238FE-B107-4A9E-BE58-0B51E3C27B3A}.Release|x64.Build.0 = Release|x64
		{5E1238FE-B107-4A9E-BE58-0B51E3C27B3A}.Release|x86.ActiveCfg = Release|Win32
		{5E1238FE-B107-4A9E-BE58-0B51E3C27B3A}.Release|x86.Build.0 = Release|Win32
	EndGlobalSection
	GlobalSection(SolutionProperties) = preSolution
		HideSolutionNode = FALSE
	EndGlobalSection
EndGlobal
